
Microsoft Visual Studio Solution File, Format Version 12.00
# Visual Studio Version 17
VisualStudioVersion = 17.9.34728.123
MinimumVisualStudioVersion = 10.0.40219.1
Project("{FAE04EC0-301F-11D3-BF4B-00C04F79EFBC}") = "PickACardUI", "PickACardUI\PickACardUI.csproj", "{EA67817D-249C-493B-9889-DB1FA68C2440}"
EndProject
Global
	GlobalSection(SolutionConfigurationPlatforms) = preSolution
		Debug|Any CPU = Debug|Any CPU
		Release|Any CPU = Release|Any CPU
	EndGlobalSection
	GlobalSection(ProjectConfigurationPlatforms) = postSolution
		{EA67817D-249C-493B-9889-DB1FA68C2440}.Debug|Any CPU.ActiveCfg = Debug|Any CPU
		{EA67817D-249C-493B-9889-DB1FA68C2440}.Debug|Any CPU.Build.0 = Debug|Any CPU
		{EA67817D-249C-493B-9889-DB1FA68C2440}.Release|Any CPU.ActiveCfg = Release|Any CPU
		{EA67817D-249C-493B-9889-DB1FA68C2440}.Release|Any CPU.Build.0 = Release|Any CPU
	EndGlobalSection
	GlobalSection(SolutionProperties) = preSolution
		HideSolutionNode = FALSE
	EndGlobalSection
	GlobalSection(ExtensibilityGlobals) = postSolution
		SolutionGuid = {474AAD90-9275-4BA8-9C7E-224059BB119A}
	EndGlobalSection
EndGlobal
